
Microsoft Visual Studio Solution File, Format Version 12.00
# Visual Studio Version 16
VisualStudioVersion = 16.0.30907.101
MinimumVisualStudioVersion = 10.0.40219.1
Project("{FAE04EC0-301F-11D3-BF4B-00C04F79EFBC}") = "DZ", "DZ\DZ.csproj", "{A1CE790E-F05C-474C-9478-ECC821FDD18C}"
EndProject
Global
	GlobalSection(SolutionConfigurationPlatforms) = preSolution
		Debug|Any CPU = Debug|Any CPU
		Release|Any CPU = Release|Any CPU
	EndGlobalSection
	GlobalSection(ProjectConfigurationPlatforms) = postSolution
		{A1CE790E-F05C-474C-9478-ECC821FDD18C}.Debug|Any CPU.ActiveCfg = Debug|Any CPU
		{A1CE790E-F05C-474C-9478-ECC821FDD18C}.Debug|Any CPU.Build.0 = Debug|Any CPU
		{A1CE790E-F05C-474C-9478-ECC821FDD18C}.Release|Any CPU.ActiveCfg = Release|Any CPU
		{A1CE790E-F05C-474C-9478-ECC821FDD18C}.Release|Any CPU.Build.0 = Release|Any CPU
	EndGlobalSection
	GlobalSection(SolutionProperties) = preSolution
		HideSolutionNode = FALSE
	EndGlobalSection
	GlobalSection(ExtensibilityGlobals) = postSolution
		SolutionGuid = {72D9DB7B-04D8-4965-9142-BD0CB5B24133}
	EndGlobalSection
EndGlobal
